
Microsoft Visual Studio Solution File, Format Version 12.00
# Visual Studio 14
VisualStudioVersion = 14.0.25420.1
MinimumVisualStudioVersion = 10.0.40219.1
Project("{FAE04EC0-301F-11D3-BF4B-00C04F79EFBC}") = "BIPCAccounting", "BIPCAccounting\BIPCAccounting.csproj", "{6F1AB104-F2FC-4885-81FB-A9B88C46F740}"
EndProject
Project("{54435603-DBB4-11D2-8724-00A0C9A8B90C}") = "BIPCAccountingSetup", "BIPCAccountingSetup\BIPCAccountingSetup.vdproj", "{30B8BF29-8803-4DEE-8B64-D474948E58EE}"
EndProject
Global
	GlobalSection(SolutionConfigurationPlatforms) = preSolution
		CD_ROM|Any CPU = CD_ROM|Any CPU
		CustomRelease|Any CPU = CustomRelease|Any CPU
		Debug|Any CPU = Debug|Any CPU
		DVD-5|Any CPU = DVD-5|Any CPU
		Release|Any CPU = Release|Any CPU
		SingleImage|Any CPU = SingleImage|Any CPU
	EndGlobalSection
	GlobalSection(ProjectConfigurationPlatforms) = postSolution
		{6F1AB104-F2FC-4885-81FB-A9B88C46F740}.CD_ROM|Any CPU.ActiveCfg = Release|Any CPU
		{6F1AB104-F2FC-4885-81FB-A9B88C46F740}.CD_ROM|Any CPU.Build.0 = Release|Any CPU
		{6F1AB104-F2FC-4885-81FB-A9B88C46F740}.CustomRelease|Any CPU.ActiveCfg = CustomRelease|Any CPU
		{6F1AB104-F2FC-4885-81FB-A9B88C46F740}.CustomRelease|Any CPU.Build.0 = CustomRelease|Any CPU
		{6F1AB104-F2FC-4885-81FB-A9B88C46F740}.CustomRelease|Any CPU.Deploy.0 = CustomRelease|Any CPU
		{6F1AB104-F2FC-4885-81FB-A9B88C46F740}.Debug|Any CPU.ActiveCfg = Debug|Any CPU
		{6F1AB104-F2FC-4885-81FB-A9B88C46F740}.Debug|Any CPU.Build.0 = Debug|Any CPU
		{6F1AB104-F2FC-4885-81FB-A9B88C46F740}.DVD-5|Any CPU.ActiveCfg = Debug|Any CPU
		{6F1AB104-F2FC-4885-81FB-A9B88C46F740}.DVD-5|Any CPU.Build.0 = Debug|Any CPU
		{6F1AB104-F2FC-4885-81FB-A9B88C46F740}.Release|Any CPU.ActiveCfg = Release|Any CPU
		{6F1AB104-F2FC-4885-81FB-A9B88C46F740}.Release|Any CPU.Build.0 = Release|Any CPU
		{6F1AB104-F2FC-4885-81FB-A9B88C46F740}.SingleImage|Any CPU.ActiveCfg = Release|Any CPU
		{6F1AB104-F2FC-4885-81FB-A9B88C46F740}.SingleImage|Any CPU.Build.0 = Release|Any CPU
		{30B8BF29-8803-4DEE-8B64-D474948E58EE}.CD_ROM|Any CPU.ActiveCfg = Release
		{30B8BF29-8803-4DEE-8B64-D474948E58EE}.CustomRelease|Any CPU.ActiveCfg = CustomRelease
		{30B8BF29-8803-4DEE-8B64-D474948E58EE}.CustomRelease|Any CPU.Build.0 = CustomRelease
		{30B8BF29-8803-4DEE-8B64-D474948E58EE}.Debug|Any CPU.ActiveCfg = Debug
		{30B8BF29-8803-4DEE-8B64-D474948E58EE}.DVD-5|Any CPU.ActiveCfg = Debug
		{30B8BF29-8803-4DEE-8B64-D474948E58EE}.Release|Any CPU.ActiveCfg = Release
		{30B8BF29-8803-4DEE-8B64-D474948E58EE}.Release|Any CPU.Build.0 = Release
		{30B8BF29-8803-4DEE-8B64-D474948E58EE}.SingleImage|Any CPU.ActiveCfg = Release
	EndGlobalSection
	GlobalSection(SolutionProperties) = preSolution
		HideSolutionNode = FALSE
	EndGlobalSection
EndGlobal
